
Microsoft Visual Studio Solution File, Format Version 12.00
# Visual Studio 15
VisualStudioVersion = 15.0.28307.1082
MinimumVisualStudioVersion = 10.0.40219.1
Project("{FAE04EC0-301F-11D3-BF4B-00C04F79EFBC}") = "facebooklogin.Android", "facebooklogin\facebooklogin.Android\facebooklogin.Android.csproj", "{E2AFB6BD-FD76-4E51-997F-80CD905547D5}"
EndProject
Project("{FAE04EC0-301F-11D3-BF4B-00C04F79EFBC}") = "facebooklogin.iOS", "facebooklogin\facebooklogin.iOS\facebooklogin.iOS.csproj", "{D565E677-60D4-4977-8264-2451790D185C}"
EndProject
Project("{FAE04EC0-301F-11D3-BF4B-00C04F79EFBC}") = "facebooklogin.UWP", "facebooklogin\facebooklogin.UWP\facebooklogin.UWP.csproj", "{95880976-A64C-4252-95CC-67C6750E2D7D}"
EndProject
Project("{FAE04EC0-301F-11D3-BF4B-00C04F79EFBC}") = "facebooklogin", "facebooklogin\facebooklogin\facebooklogin.csproj", "{1E5A2F2E-5980-4E7B-AA3B-4EB7FCC0BBB7}"
EndProject
Global
	GlobalSection(SolutionConfigurationPlatforms) = preSolution
		Ad-Hoc|Any CPU = Ad-Hoc|Any CPU
		Ad-Hoc|ARM = Ad-Hoc|ARM
		Ad-Hoc|iPhone = Ad-Hoc|iPhone
		Ad-Hoc|iPhoneSimulator = Ad-Hoc|iPhoneSimulator
		Ad-Hoc|x64 = Ad-Hoc|x64
		Ad-Hoc|x86 = Ad-Hoc|x86
		AppStore|Any CPU = AppStore|Any CPU
		AppStore|ARM = AppStore|ARM
		AppStore|iPhone = AppStore|iPhone
		AppStore|iPhoneSimulator = AppStore|iPhoneSimulator
		AppStore|x64 = AppStore|x64
		AppStore|x86 = AppStore|x86
		Debug|Any CPU = Debug|Any CPU
		Debug|ARM = Debug|ARM
		Debug|iPhone = Debug|iPhone
		Debug|iPhoneSimulator = Debug|iPhoneSimulator
		Debug|x64 = Debug|x64
		Debug|x86 = Debug|x86
		Release|Any CPU = Release|Any CPU
		Release|ARM = Release|ARM
		Release|iPhone = Release|iPhone
		Release|iPhoneSimulator = Release|iPhoneSimulator
		Release|x64 = Release|x64
		Release|x86 = Release|x86
	EndGlobalSection
	GlobalSection(ProjectConfigurationPlatforms) = postSolution
		{E2AFB6BD-FD76-4E51-997F-80CD905547D5}.Ad-Hoc|Any CPU.ActiveCfg = Release|Any CPU
		{E2AFB6BD-FD76-4E51-997F-80CD905547D5}.Ad-Hoc|Any CPU.Build.0 = Release|Any CPU
		{E2AFB6BD-FD76-4E51-997F-80CD905547D5}.Ad-Hoc|Any CPU.Deploy.0 = Release|Any CPU
		{E2AFB6BD-FD76-4E51-997F-80CD905547D5}.Ad-Hoc|ARM.ActiveCfg = Release|Any CPU
		{E2AFB6BD-FD76-4E51-997F-80CD905547D5}.Ad-Hoc|ARM.Build.0 = Release|Any CPU
		{E2AFB6BD-FD76-4E51-997F-80CD905547D5}.Ad-Hoc|ARM.Deploy.0 = Release|Any CPU
		{E2AFB6BD-FD76-4E51-997F-80CD905547D5}.Ad-Hoc|iPhone.ActiveCfg = Release|Any CPU
		{E2AFB6BD-FD76-4E51-997F-80CD905547D5}.Ad-Hoc|iPhone.Build.0 = Release|Any CPU
		{E2AFB6BD-FD76-4E51-997F-80CD905547D5}.Ad-Hoc|iPhone.Deploy.0 = Release|Any CPU
		{E2AFB6BD-FD76-4E51-997F-80CD905547D5}.Ad-Hoc|iPhoneSimulator.ActiveCfg = Release|Any CPU
		{E2AFB6BD-FD76-4E51-997F-80CD905547D5}.Ad-Hoc|iPhoneSimulator.Build.0 = Release|Any CPU
		{E2AFB6BD-FD76-4E51-997F-80CD905547D5}.Ad-Hoc|iPhoneSimulator.Deploy.0 = Release|Any CPU
		{E2AFB6BD-FD76-4E51-997F-80CD905547D5}.Ad-Hoc|x64.ActiveCfg = Release|Any CPU
		{E2AFB6BD-FD76-4E51-997F-80CD905547D5}.Ad-Hoc|x64.Build.0 = Release|Any CPU
		{E2AFB6BD-FD76-4E51-997F-80CD905547D5}.Ad-Hoc|x64.Deploy.0 = Release|Any CPU
		{E2AFB6BD-FD76-4E51-997F-80CD905547D5}.Ad-Hoc|x86.ActiveCfg = Release|Any CPU
		{E2AFB6BD-FD76-4E51-997F-80CD905547D5}.Ad-Hoc|x86.Build.0 = Release|Any CPU
		{E2AFB6BD-FD76-4E51-997F-80CD905547D5}.Ad-Hoc|x86.Deploy.0 = Release|Any CPU
		{E2AFB6BD-FD76-4E51-997F-80CD905547D5}.AppStore|Any CPU.ActiveCfg = Release|Any CPU
		{E2AFB6BD-FD76-4E51-997F-80CD905547D5}.AppStore|Any CPU.Build.0 = Release|Any CPU
		{E2AFB6BD-FD76-4E51-997F-80CD905547D5}.AppStore|Any CPU.Deploy.0 = Release|Any CPU
		{E2AFB6BD-FD76-4E51-997F-80CD905547D5}.AppStore|ARM.ActiveCfg = Release|Any CPU
		{E2AFB6BD-FD76-4E51-997F-80CD905547D5}.AppStore|ARM.Build.0 = Release|Any CPU
		{E2AFB6BD-FD76-4E51-997F-80CD905547D5}.AppStore|ARM.Deploy.0 = Release|Any CPU
		{E2AFB6BD-FD76-4E51-997F-80CD905547D5}.AppStore|iPhone.ActiveCfg = Release|Any CPU
		{E2AFB6BD-FD76-4E51-997F-80CD905547D5}.AppStore|iPhone.Build.0 = Release|Any CPU
		{E2AFB6BD-FD76-4E51-997F-80CD905547D5}.AppStore|iPhone.Deploy.0 = Release|Any CPU
		{E2AFB6BD-FD76-4E51-997F-80CD905547D5}.AppStore|iPhoneSimulator.ActiveCfg = Release|Any CPU
		{E2AFB6BD-FD76-4E51-997F-80CD905547D5}.AppStore|iPhoneSimulator.Build.0 = Release|Any CPU
		{E2AFB6BD-FD76-4E51-997F-80CD905547D5}.AppStore|iPhoneSimulator.Deploy.0 = Release|Any CPU
		{E2AFB6BD-FD76-4E51-997F-80CD905547D5}.AppStore|x64.ActiveCfg = Release|Any CPU
		{E2AFB6BD-FD76-4E51-997F-80CD905547D5}.AppStore|x64.Build.0 = Release|Any CPU
		{E2AFB6BD-FD76-4E51-997F-80CD905547D5}.AppStore|x64.Deploy.0 = Release|Any CPU
		{E2AFB6BD-FD76-4E51-997F-80CD905547D5}.AppStore|x86.ActiveCfg = Release|Any CPU
		{E2AFB6BD-FD76-4E51-997F-80CD905547D5}.AppStore|x86.Build.0 = Release|Any CPU
		{E2AFB6BD-FD76-4E51-997F-80CD905547D5}.AppStore|x86.Deploy.0 = Release|Any CPU
		{E2AFB6BD-FD76-4E51-997F-80CD905547D5}.Debug|Any CPU.ActiveCfg = Debug|Any CPU
		{E2AFB6BD-FD76-4E51-997F-80CD905547D5}.Debug|Any CPU.Build.0 = Debug|Any CPU
		{E2AFB6BD-FD76-4E51-997F-80CD905547D5}.Debug|Any CPU.Deploy.0 = Debug|Any CPU
		{E2AFB6BD-FD76-4E51-997F-80CD905547D5}.Debug|ARM.ActiveCfg = Debug|Any CPU
		{E2AFB6BD-FD76-4E51-997F-80CD905547D5}.Debug|ARM.Build.0 = Debug|Any CPU
		{E2AFB6BD-FD76-4E51-997F-80CD905547D5}.Debug|ARM.Deploy.0 = Debug|Any CPU
		{E2AFB6BD-FD76-4E51-997F-80CD905547D5}.Debug|iPhone.ActiveCfg = Debug|Any CPU
		{E2AFB6BD-FD76-4E51-997F-80CD905547D5}.Debug|iPhone.Build.0 = Debug|Any CPU
		{E2AFB6BD-FD76-4E51-997F-80CD905547D5}.Debug|iPhone.Deploy.0 = Debug|Any CPU
		{E2AFB6BD-FD76-4E51-997F-80CD905547D5}.Debug|iPhoneSimulator.ActiveCfg = Debug|Any CPU
		{E2AFB6BD-FD76-4E51-997F-80CD905547D5}.Debug|iPhoneSimulator.Build.0 = Debug|Any CPU
		{E2AFB6BD-FD76-4E51-997F-80CD905547D5}.Debug|iPhoneSimulator.Deploy.0 = Debug|Any CPU
		{E2AFB6BD-FD76-4E51-997F-80CD905547D5}.Debug|x64.ActiveCfg = Debug|Any CPU
		{E2AFB6BD-FD76-4E51-997F-80CD905547D5}.Debug|x64.Build.0 = Debug|Any CPU
		{E2AFB6BD-FD76-4E51-997F-80CD905547D5}.Debug|x64.Deploy.0 = Debug|Any CPU
		{E2AFB6BD-FD76-4E51-997F-80CD905547D5}.Debug|x86.ActiveCfg = Debug|Any CPU
		{E2AFB6BD-FD76-4E51-997F-80CD905547D5}.Debug|x86.Build.0 = Debug|Any CPU
		{E2AFB6BD-FD76-4E51-997F-80CD905547D5}.Debug|x86.Deploy.0 = Debug|Any CPU
		{E2AFB6BD-FD76-4E51-997F-80CD905547D5}.Release|Any CPU.ActiveCfg = Release|Any CPU
		{E2AFB6BD-FD76-4E51-997F-80CD905547D5}.Release|Any CPU.Build.0 = Release|Any CPU
		{E2AFB6BD-FD76-4E51-997F-80CD905547D5}.Release|Any CPU.Deploy.0 = Release|Any CPU
		{E2AFB6BD-FD76-4E51-997F-80CD905547D5}.Release|ARM.ActiveCfg = Release|Any CPU
		{E2AFB6BD-FD76-4E51-997F-80CD905547D5}.Release|ARM.Build.0 = Release|Any CPU
		{E2AFB6BD-FD76-4E51-997F-80CD905547D5}.Release|ARM.Deploy.0 = Release|Any CPU
		{E2AFB6BD-FD76-4E51-997F-80CD905547D5}.Release|iPhone.ActiveCfg = Release|Any CPU
		{E2AFB6BD-FD76-4E51-997F-80CD905547D5}.Release|iPhone.Build.0 = Release|Any CPU
		{E2AFB6BD-FD76-4E51-997F-80CD905547D5}.Release|iPhone.Deploy.0 = Release|Any CPU
		{E2AFB6BD-FD76-4E51-997F-80CD905547D5}.Release|iPhoneSimulator.ActiveCfg = Release|Any CPU
		{E2AFB6BD-FD76-4E51-997F-80CD905547D5}.Release|iPhoneSimulator.Build.0 = Release|Any CPU
		{E2AFB6BD-FD76-4E51-997F-80CD905547D5}.Release|iPhoneSimulator.Deploy.0 = Release|Any CPU
		{E2AFB6BD-FD76-4E51-997F-80CD905547D5}.Release|x64.ActiveCfg = Release|Any CPU
		{E2AFB6BD-FD76-4E51-997F-80CD905547D5}.Release|x64.Build.0 = Release|Any CPU
		{E2AFB6BD-FD76-4E51-997F-80CD905547D5}.Release|x64.Deploy.0 = Release|Any CPU
		{E2AFB6BD-FD76-4E51-997F-80CD905547D5}.Release|x86.ActiveCfg = Release|Any CPU
		{E2AFB6BD-FD76-4E51-997F-80CD905547D5}.Release|x86.Build.0 = Release|Any CPU
		{E2AFB6BD-FD76-4E51-997F-80CD905547D5}.Release|x86.Deploy.0 = Release|Any CPU
		{D565E677-60D4-4977-8264-2451790D185C}.Ad-Hoc|Any CPU.ActiveCfg = Ad-Hoc|iPhone
		{D565E677-60D4-4977-8264-2451790D185C}.Ad-Hoc|Any CPU.Build.0 = Ad-Hoc|iPhone
		{D565E677-60D4-4977-8264-2451790D185C}.Ad-Hoc|Any CPU.Deploy.0 = Ad-Hoc|iPhone
		{D565E677-60D4-4977-8264-2451790D185C}.Ad-Hoc|ARM.ActiveCfg = Ad-Hoc|iPhone
		{D565E677-60D4-4977-8264-2451790D185C}.Ad-Hoc|ARM.Build.0 = Ad-Hoc|iPhone
		{D565E677-60D4-4977-8264-2451790D185C}.Ad-Hoc|ARM.Deploy.0 = Ad-Hoc|iPhone
		{D565E677-60D4-4977-8264-2451790D185C}.Ad-Hoc|iPhone.ActiveCfg = Ad-Hoc|iPhone
		{D565E677-60D4-4977-8264-2451790D185C}.Ad-Hoc|iPhone.Build.0 = Ad-Hoc|iPhone
		{D565E677-60D4-4977-8264-2451790D185C}.Ad-Hoc|iPhone.Deploy.0 = Ad-Hoc|iPhone
		{D565E677-60D4-4977-8264-2451790D185C}.Ad-Hoc|iPhoneSimulator.ActiveCfg = Ad-Hoc|iPhoneSimulator
		{D565E677-60D4-4977-8264-2451790D185C}.Ad-Hoc|iPhoneSimulator.Build.0 = Ad-Hoc|iPhoneSimulator
		{D565E677-60D4-4977-8264-2451790D185C}.Ad-Hoc|iPhoneSimulator.Deploy.0 = Ad-Hoc|iPhoneSimulator
		{D565E677-60D4-4977-8264-2451790D185C}.Ad-Hoc|x64.ActiveCfg = Ad-Hoc|iPhone
		{D565E677-60D4-4977-8264-2451790D185C}.Ad-Hoc|x64.Build.0 = Ad-Hoc|iPhone
		{D565E677-60D4-4977-8264-2451790D185C}.Ad-Hoc|x64.Deploy.0 = Ad-Hoc|iPhone
		{D565E677-60D4-4977-8264-2451790D185C}.Ad-Hoc|x86.ActiveCfg = Ad-Hoc|iPhone
		{D565E677-60D4-4977-8264-2451790D185C}.Ad-Hoc|x86.Build.0 = Ad-Hoc|iPhone
		{D565E677-60D4-4977-8264-2451790D185C}.Ad-Hoc|x86.Deploy.0 = Ad-Hoc|iPhone
		{D565E677-60D4-4977-8264-2451790D185C}.AppStore|Any CPU.ActiveCfg = AppStore|iPhone
		{D565E677-60D4-4977-8264-2451790D185C}.AppStore|Any CPU.Build.0 = AppStore|iPhone
		{D565E677-60D4-4977-8264-2451790D185C}.AppStore|Any CPU.Deploy.0 = AppStore|iPhone
		{D565E677-60D4-4977-8264-2451790D185C}.AppStore|ARM.ActiveCfg = AppStore|iPhone
		{D565E677-60D4-4977-8264-2451790D185C}.AppStore|ARM.Build.0 = AppStore|iPhone
		{D565E677-60D4-4977-8264-2451790D185C}.AppStore|ARM.Deploy.0 = AppStore|iPhone
		{D565E677-60D4-4977-8264-2451790D185C}.AppStore|iPhone.ActiveCfg = AppStore|iPhone
		{D565E677-60D4-4977-8264-2451790D185C}.AppStore|iPhone.Build.0 = AppStore|iPhone
		{D565E677-60D4-4977-8264-2451790D185C}.AppStore|iPhone.Deploy.0 = AppStore|iPhone
		{D565E677-60D4-4977-8264-2451790D185C}.AppStore|iPhoneSimulator.ActiveCfg = AppStore|iPhoneSimulator
		{D565E677-60D4-4977-8264-2451790D185C}.AppStore|iPhoneSimulator.Build.0 = AppStore|iPhoneSimulator
		{D565E677-60D4-4977-8264-2451790D185C}.AppStore|iPhoneSimulator.Deploy.0 = AppStore|iPhoneSimulator
		{D565E677-60D4-4977-8264-2451790D185C}.AppStore|x64.ActiveCfg = AppStore|iPhone
		{D565E677-60D4-4977-8264-2451790D185C}.AppStore|x64.Build.0 = AppStore|iPhone
		{D565E677-60D4-4977-8264-2451790D185C}.AppStore|x64.Deploy.0 = AppStore|iPhone
		{D565E677-60D4-4977-8264-2451790D185C}.AppStore|x86.ActiveCfg = AppStore|iPhone
		{D565E677-60D4-4977-8264-2451790D185C}.AppStore|x86.Build.0 = AppStore|iPhone
		{D565E677-60D4-4977-8264-2451790D185C}.AppStore|x86.Deploy.0 = AppStore|iPhone
		{D565E677-60D4-4977-8264-2451790D185C}.Debug|Any CPU.ActiveCfg = Debug|iPhoneSimulator
		{D565E677-60D4-4977-8264-2451790D185C}.Debug|Any CPU.Build.0 = Debug|iPhoneSimulator
		{D565E677-60D4-4977-8264-2451790D185C}.Debug|Any CPU.Deploy.0 = Debug|iPhoneSimulator
		{D565E677-60D4-4977-8264-2451790D185C}.Debug|ARM.ActiveCfg = Debug|iPhone
		{D565E677-60D4-4977-8264-2451790D185C}.Debug|ARM.Build.0 = Debug|iPhone
		{D565E677-60D4-4977-8264-2451790D185C}.Debug|ARM.Deploy.0 = Debug|iPhone
		{D565E677-60D4-4977-8264-2451790D185C}.Debug|iPhone.ActiveCfg = Debug|iPhone
		{D565E677-60D4-4977-8264-2451790D185C}.Debug|iPhone.Build.0 = Debug|iPhone
		{D565E677-60D4-4977-8264-2451790D185C}.Debug|iPhone.Deploy.0 = Debug|iPhone
		{D565E677-60D4-4977-8264-2451790D185C}.Debug|iPhoneSimulator.ActiveCfg = Debug|iPhoneSimulator
		{D565E677-60D4-4977-8264-2451790D185C}.Debug|iPhoneSimulator.Build.0 = Debug|iPhoneSimulator
		{D565E677-60D4-4977-8264-2451790D185C}.Debug|iPhoneSimulator.Deploy.0 = Debug|iPhoneSimulator
		{D565E677-60D4-4977-8264-2451790D185C}.Debug|x64.ActiveCfg = Debug|iPhone
		{D565E677-60D4-4977-8264-2451790D185C}.Debug|x64.Build.0 = Debug|iPhone
		{D565E677-60D4-4977-8264-2451790D185C}.Debug|x64.Deploy.0 = Debug|iPhone
		{D565E677-60D4-4977-8264-2451790D185C}.Debug|x86.ActiveCfg = Debug|iPhone
		{D565E677-60D4-4977-8264-2451790D185C}.Debug|x86.Build.0 = Debug|iPhone
		{D565E677-60D4-4977-8264-2451790D185C}.Debug|x86.Deploy.0 = Debug|iPhone
		{D565E677-60D4-4977-8264-2451790D185C}.Release|Any CPU.ActiveCfg = Release|iPhone
		{D565E677-60D4-4977-8264-2451790D185C}.Release|Any CPU.Build.0 = Release|iPhone
		{D565E677-60D4-4977-8264-2451790D185C}.Release|Any CPU.Deploy.0 = Release|iPhone
		{D565E677-60D4-4977-8264-2451790D185C}.Release|ARM.ActiveCfg = Release|iPhone
		{D565E677-60D4-4977-8264-2451790D185C}.Release|ARM.Build.0 = Release|iPhone
		{D565E677-60D4-4977-8264-2451790D185C}.Release|ARM.Deploy.0 = Release|iPhone
		{D565E677-60D4-4977-8264-2451790D185C}.Release|iPhone.ActiveCfg = Release|iPhone
		{D565E677-60D4-4977-8264-2451790D185C}.Release|iPhone.Build.0 = Release|iPhone
		{D565E677-60D4-4977-8264-2451790D185C}.Release|iPhone.Deploy.0 = Release|iPhone
		{D565E677-60D4-4977-8264-2451790D185C}.Release|iPhoneSimulator.ActiveCfg = Release|iPhoneSimulator
		{D565E677-60D4-4977-8264-2451790D185C}.Release|iPhoneSimulator.Build.0 = Release|iPhoneSimulator
		{D565E677-60D4-4977-8264-2451790D185C}.Release|iPhoneSimulator.Deploy.0 = Release|iPhoneSimulator
		{D565E677-60D4-4977-8264-2451790D185C}.Release|x64.ActiveCfg = Release|iPhone
		{D565E677-60D4-4977-8264-2451790D185C}.Release|x64.Build.0 = Release|iPhone
		{D565E677-60D4-4977-8264-2451790D185C}.Release|x64.Deploy.0 = Release|iPhone
		{D565E677-60D4-4977-8264-2451790D185C}.Release|x86.ActiveCfg = Release|iPhone
		{D565E677-60D4-4977-8264-2451790D185C}.Release|x86.Build.0 = Release|iPhone
		{D565E677-60D4-4977-8264-2451790D185C}.Release|x86.Deploy.0 = Release|iPhone
		{95880976-A64C-4252-95CC-67C6750E2D7D}.Ad-Hoc|Any CPU.ActiveCfg = Release|x86
		{95880976-A64C-4252-95CC-67C6750E2D7D}.Ad-Hoc|Any CPU.Build.0 = Release|x86
		{95880976-A64C-4252-95CC-67C6750E2D7D}.Ad-Hoc|Any CPU.Deploy.0 = Release|x86
		{95880976-A64C-4252-95CC-67C6750E2D7D}.Ad-Hoc|ARM.ActiveCfg = Release|ARM
		{95880976-A64C-4252-95CC-67C6750E2D7D}.Ad-Hoc|ARM.Build.0 = Release|ARM
		{95880976-A64C-4252-95CC-67C6750E2D7D}.Ad-Hoc|ARM.Deploy.0 = Release|ARM
		{95880976-A64C-4252-95CC-67C6750E2D7D}.Ad-Hoc|iPhone.ActiveCfg = Release|x86
		{95880976-A64C-4252-95CC-67C6750E2D7D}.Ad-Hoc|iPhone.Build.0 = Release|x86
		{95880976-A64C-4252-95CC-67C6750E2D7D}.Ad-Hoc|iPhone.Deploy.0 = Release|x86
		{95880976-A64C-4252-95CC-67C6750E2D7D}.Ad-Hoc|iPhoneSimulator.ActiveCfg = Release|x86
		{95880976-A64C-4252-95CC-67C6750E2D7D}.Ad-Hoc|iPhoneSimulator.Build.0 = Release|x86
		{95880976-A64C-4252-95CC-67C6750E2D7D}.Ad-Hoc|iPhoneSimulator.Deploy.0 = Release|x86
		{95880976-A64C-4252-95CC-67C6750E2D7D}.Ad-Hoc|x64.ActiveCfg = Release|x64
		{95880976-A64C-4252-95CC-67C6750E2D7D}.Ad-Hoc|x64.Build.0 = Release|x64
		{95880976-A64C-4252-95CC-67C6750E2D7D}.Ad-Hoc|x64.Deploy.0 = Release|x64
		{95880976-A64C-4252-95CC-67C6750E2D7D}.Ad-Hoc|x86.ActiveCfg = Release|x86
		{95880976-A64C-4252-95CC-67C6750E2D7D}.Ad-Hoc|x86.Build.0 = Release|x86
		{95880976-A64C-4252-95CC-67C6750E2D7D}.Ad-Hoc|x86.Deploy.0 = Release|x86
		{95880976-A64C-4252-95CC-67C6750E2D7D}.AppStore|Any CPU.ActiveCfg = Release|x86
		{95880976-A64C-4252-95CC-67C6750E2D7D}.AppStore|Any CPU.Build.0 = Release|x86
		{95880976-A64C-4252-95CC-67C6750E2D7D}.AppStore|Any CPU.Deploy.0 = Release|x86
		{95880976-A64C-4252-95CC-67C6750E2D7D}.AppStore|ARM.ActiveCfg = Release|ARM
		{95880976-A64C-4252-95CC-67C6750E2D7D}.AppStore|ARM.Build.0 = Release|ARM
		{95880976-A64C-4252-95CC-67C6750E2D7D}.AppStore|ARM.Deploy.0 = Release|ARM
		{95880976-A64C-4252-95CC-67C6750E2D7D}.AppStore|iPhone.ActiveCfg = Release|x86
		{95880976-A64C-4252-95CC-67C6750E2D7D}.AppStore|iPhone.Build.0 = Release|x86
		{95880976-A64C-4252-95CC-67C6750E2D7D}.AppStore|iPhone.Deploy.0 = Release|x86
		{95880976-A64C-4252-95CC-67C6750E2D7D}.AppStore|iPhoneSimulator.ActiveCfg = Release|x86
		{95880976-A64C-4252-95CC-67C6750E2D7D}.AppStore|iPhoneSimulator.Build.0 = Release|x86
		{95880976-A64C-4252-95CC-67C6750E2D7D}.AppStore|iPhoneSimulator.Deploy.0 = Release|x86
		{95880976-A64C-4252-95CC-67C6750E2D7D}.AppStore|x64.ActiveCfg = Release|x64
		{95880976-A64C-4252-95CC-67C6750E2D7D}.AppStore|x64.Build.0 = Release|x64
		{95880976-A64C-4252-95CC-67C6750E2D7D}.AppStore|x64.Deploy.0 = Release|x64
		{95880976-A64C-4252-95CC-67C6750E2D7D}.AppStore|x86.ActiveCfg = Release|x86
		{95880976-A64C-4252-95CC-67C6750E2D7D}.AppStore|x86.Build.0 = Release|x86
		{95880976-A64C-4252-95CC-67C6750E2D7D}.AppStore|x86.Deploy.0 = Release|x86
		{95880976-A64C-4252-95CC-67C6750E2D7D}.Debug|Any CPU.ActiveCfg = Debug|x86
		{95880976-A64C-4252-95CC-67C6750E2D7D}.Debug|Any CPU.Build.0 = Debug|x86
		{95880976-A64C-4252-95CC-67C6750E2D7D}.Debug|Any CPU.Deploy.0 = Debug|x86
		{95880976-A64C-4252-95CC-67C6750E2D7D}.Debug|ARM.ActiveCfg = Debug|ARM
		{95880976-A64C-4252-95CC-67C6750E2D7D}.Debug|ARM.Build.0 = Debug|ARM
		{95880976-A64C-4252-95CC-67C6750E2D7D}.Debug|ARM.Deploy.0 = Debug|ARM
		{95880976-A64C-4252-95CC-67C6750E2D7D}.Debug|iPhone.ActiveCfg = Debug|x86
		{95880976-A64C-4252-95CC-67C6750E2D7D}.Debug|iPhone.Build.0 = Debug|x86
		{95880976-A64C-4252-95CC-67C6750E2D7D}.Debug|iPhone.Deploy.0 = Debug|x86
		{95880976-A64C-4252-95CC-67C6750E2D7D}.Debug|iPhoneSimulator.ActiveCfg = Debug|x86
		{95880976-A64C-4252-95CC-67C6750E2D7D}.Debug|iPhoneSimulator.Build.0 = Debug|x86
		{95880976-A64C-4252-95CC-67C6750E2D7D}.Debug|iPhoneSimulator.Deploy.0 = Debug|x86
		{95880976-A64C-4252-95CC-67C6750E2D7D}.Debug|x64.ActiveCfg = Debug|x64
		{95880976-A64C-4252-95CC-67C6750E2D7D}.Debug|x64.Build.0 = Debug|x64
		{95880976-A64C-4252-95CC-67C6750E2D7D}.Debug|x64.Deploy.0 = Debug|x64
		{95880976-A64C-4252-95CC-67C6750E2D7D}.Debug|x86.ActiveCfg = Debug|x86
		{95880976-A64C-4252-95CC-67C6750E2D7D}.Debug|x86.Build.0 = Debug|x86
		{95880976-A64C-4252-95CC-67C6750E2D7D}.Debug|x86.Deploy.0 = Debug|x86
		{95880976-A64C-4252-95CC-67C6750E2D7D}.Release|Any CPU.ActiveCfg = Release|x86
		{95880976-A64C-4252-95CC-67C6750E2D7D}.Release|Any CPU.Build.0 = Release|x86
		{95880976-A64C-4252-95CC-67C6750E2D7D}.Release|Any CPU.Deploy.0 = Release|x86
		{95880976-A64C-4252-95CC-67C6750E2D7D}.Release|ARM.ActiveCfg = Release|ARM
		{95880976-A64C-4252-95CC-67C6750E2D7D}.Release|ARM.Build.0 = Release|ARM
		{95880976-A64C-4252-95CC-67C6750E2D7D}.Release|ARM.Deploy.0 = Release|ARM
		{95880976-A64C-4252-95CC-67C6750E2D7D}.Release|iPhone.ActiveCfg = Release|x86
		{95880976-A64C-4252-95CC-67C6750E2D7D}.Release|iPhone.Build.0 = Release|x86
		{95880976-A64C-4252-95CC-67C6750E2D7D}.Release|iPhone.Deploy.0 = Release|x86
		{95880976-A64C-4252-95CC-67C6750E2D7D}.Release|iPhoneSimulator.ActiveCfg = Release|x86
		{95880976-A64C-4252-95CC-67C6750E2D7D}.Release|iPhoneSimulator.Build.0 = Release|x86
		{95880976-A64C-4252-95CC-67C6750E2D7D}.Release|iPhoneSimulator.Deploy.0 = Release|x86
		{95880976-A64C-4252-95CC-67C6750E2D7D}.Release|x64.ActiveCfg = Release|x64
		{95880976-A64C-4252-95CC-67C6750E2D7D}.Release|x64.Build.0 = Release|x64
		{95880976-A64C-4252-95CC-67C6750E2D7D}.Release|x64.Deploy.0 = Release|x64
		{95880976-A64C-4252-95CC-67C6750E2D7D}.Release|x86.ActiveCfg = Release|x86
		{95880976-A64C-4252-95CC-67C6750E2D7D}.Release|x86.Build.0 = Release|x86
		{95880976-A64C-4252-95CC-67C6750E2D7D}.Release|x86.Deploy.0 = Release|x86
		{1E5A2F2E-5980-4E7B-AA3B-4EB7FCC0BBB7}.Ad-Hoc|Any CPU.ActiveCfg = Debug|Any CPU
		{1E5A2F2E-5980-4E7B-AA3B-4EB7FCC0BBB7}.Ad-Hoc|Any CPU.Build.0 = Debug|Any CPU
		{1E5A2F2E-5980-4E7B-AA3B-4EB7FCC0BBB7}.Ad-Hoc|Any CPU.Deploy.0 = Debug|Any CPU
		{1E5A2F2E-5980-4E7B-AA3B-4EB7FCC0BBB7}.Ad-Hoc|ARM.ActiveCfg = Debug|Any CPU
		{1E5A2F2E-5980-4E7B-AA3B-4EB7FCC0BBB7}.Ad-Hoc|ARM.Build.0 = Debug|Any CPU
		{1E5A2F2E-5980-4E7B-AA3B-4EB7FCC0BBB7}.Ad-Hoc|ARM.Deploy.0 = Debug|Any CPU
		{1E5A2F2E-5980-4E7B-AA3B-4EB7FCC0BBB7}.Ad-Hoc|iPhone.ActiveCfg = Debug|Any CPU
		{1E5A2F2E-5980-4E7B-AA3B-4EB7FCC0BBB7}.Ad-Hoc|iPhone.Build.0 = Debug|Any CPU
		{1E5A2F2E-5980-4E7B-AA3B-4EB7FCC0BBB7}.Ad-Hoc|iPhone.Deploy.0 = Debug|Any CPU
		{1E5A2F2E-5980-4E7B-AA3B-4EB7FCC0BBB7}.Ad-Hoc|iPhoneSimulator.ActiveCfg = Debug|Any CPU
		{1E5A2F2E-5980-4E7B-AA3B-4EB7FCC0BBB7}.Ad-Hoc|iPhoneSimulator.Build.0 = Debug|Any CPU
		{1E5A2F2E-5980-4E7B-AA3B-4EB7FCC0BBB7}.Ad-Hoc|iPhoneSimulator.Deploy.0 = Debug|Any CPU
		{1E5A2F2E-5980-4E7B-AA3B-4EB7FCC0BBB7}.Ad-Hoc|x64.ActiveCfg = Debug|Any CPU
		{1E5A2F2E-5980-4E7B-AA3B-4EB7FCC0BBB7}.Ad-Hoc|x64.Build.0 = Debug|Any CPU
		{1E5A2F2E-5980-4E7B-AA3B-4EB7FCC0BBB7}.Ad-Hoc|x64.Deploy.0 = Debug|Any CPU
		{1E5A2F2E-5980-4E7B-AA3B-4EB7FCC0BBB7}.Ad-Hoc|x86.ActiveCfg = Debug|Any CPU
		{1E5A2F2E-5980-4E7B-AA3B-4EB7FCC0BBB7}.Ad-Hoc|x86.Build.0 = Debug|Any CPU
		{1E5A2F2E-5980-4E7B-AA3B-4EB7FCC0BBB7}.Ad-Hoc|x86.Deploy.0 = Debug|Any CPU
		{1E5A2F2E-5980-4E7B-AA3B-4EB7FCC0BBB7}.AppStore|Any CPU.ActiveCfg = Debug|Any CPU
		{1E5A2F2E-5980-4E7B-AA3B-4EB7FCC0BBB7}.AppStore|Any CPU.Build.0 = Debug|Any CPU
		{1E5A2F2E-5980-4E7B-AA3B-4EB7FCC0BBB7}.AppStore|Any CPU.Deploy.0 = Debug|Any CPU
		{1E5A2F2E-5980-4E7B-AA3B-4EB7FCC0BBB7}.AppStore|ARM.ActiveCfg = Debug|Any CPU
		{1E5A2F2E-5980-4E7B-AA3B-4EB7FCC0BBB7}.AppStore|ARM.Build.0 = Debug|Any CPU
		{1E5A2F2E-5980-4E7B-AA3B-4EB7FCC0BBB7}.AppStore|ARM.Deploy.0 = Debug|Any CPU
		{1E5A2F2E-5980-4E7B-AA3B-4EB7FCC0BBB7}.AppStore|iPhone.ActiveCfg = Debug|Any CPU
		{1E5A2F2E-5980-4E7B-AA3B-4EB7FCC0BBB7}.AppStore|iPhone.Build.0 = Debug|Any CPU
		{1E5A2F2E-5980-4E7B-AA3B-4EB7FCC0BBB7}.AppStore|iPhone.Deploy.0 = Debug|Any CPU
		{1E5A2F2E-5980-4E7B-AA3B-4EB7FCC0BBB7}.AppStore|iPhoneSimulator.ActiveCfg = Debug|Any CPU
		{1E5A2F2E-5980-4E7B-AA3B-4EB7FCC0BBB7}.AppStore|iPhoneSimulator.Build.0 = Debug|Any CPU
		{1E5A2F2E-5980-4E7B-AA3B-4EB7FCC0BBB7}.AppStore|iPhoneSimulator.Deploy.0 = Debug|Any CPU
		{1E5A2F2E-5980-4E7B-AA3B-4EB7FCC0BBB7}.AppStore|x64.ActiveCfg = Debug|Any CPU
		{1E5A2F2E-5980-4E7B-AA3B-4EB7FCC0BBB7}.AppStore|x64.Build.0 = Debug|Any CPU
		{1E5A2F2E-5980-4E7B-AA3B-4EB7FCC0BBB7}.AppStore|x64.Deploy.0 = Debug|Any CPU
		{1E5A2F2E-5980-4E7B-AA3B-4EB7FCC0BBB7}.AppStore|x86.ActiveCfg = Debug|Any CPU
		{1E5A2F2E-5980-4E7B-AA3B-4EB7FCC0BBB7}.AppStore|x86.Build.0 = Debug|Any CPU
		{1E5A2F2E-5980-4E7B-AA3B-4EB7FCC0BBB7}.AppStore|x86.Deploy.0 = Debug|Any CPU
		{1E5A2F2E-5980-4E7B-AA3B-4EB7FCC0BBB7}.Debug|Any CPU.ActiveCfg = Debug|Any CPU
		{1E5A2F2E-5980-4E7B-AA3B-4EB7FCC0BBB7}.Debug|Any CPU.Build.0 = Debug|Any CPU
		{1E5A2F2E-5980-4E7B-AA3B-4EB7FCC0BBB7}.Debug|Any CPU.Deploy.0 = Debug|Any CPU
		{1E5A2F2E-5980-4E7B-AA3B-4EB7FCC0BBB7}.Debug|ARM.ActiveCfg = Debug|Any CPU
		{1E5A2F2E-5980-4E7B-AA3B-4EB7FCC0BBB7}.Debug|ARM.Build.0 = Debug|Any CPU
		{1E5A2F2E-5980-4E7B-AA3B-4EB7FCC0BBB7}.Debug|ARM.Deploy.0 = Debug|Any CPU
		{1E5A2F2E-5980-4E7B-AA3B-4EB7FCC0BBB7}.Debug|iPhone.ActiveCfg = Debug|Any CPU
		{1E5A2F2E-5980-4E7B-AA3B-4EB7FCC0BBB7}.Debug|iPhone.Build.0 = Debug|Any CPU
		{1E5A2F2E-5980-4E7B-AA3B-4EB7FCC0BBB7}.Debug|iPhone.Deploy.0 = Debug|Any CPU
		{1E5A2F2E-5980-4E7B-AA3B-4EB7FCC0BBB7}.Debug|iPhoneSimulator.ActiveCfg = Debug|Any CPU
		{1E5A2F2E-5980-4E7B-AA3B-4EB7FCC0BBB7}.Debug|iPhoneSimulator.Build.0 = Debug|Any CPU
		{1E5A2F2E-5980-4E7B-AA3B-4EB7FCC0BBB7}.Debug|iPhoneSimulator.Deploy.0 = Debug|Any CPU
		{1E5A2F2E-5980-4E7B-AA3B-4EB7FCC0BBB7}.Debug|x64.ActiveCfg = Debug|Any CPU
		{1E5A2F2E-5980-4E7B-AA3B-4EB7FCC0BBB7}.Debug|x64.Build.0 = Debug|Any CPU
		{1E5A2F2E-5980-4E7B-AA3B-4EB7FCC0BBB7}.Debug|x64.Deploy.0 = Debug|Any CPU
		{1E5A2F2E-5980-4E7B-AA3B-4EB7FCC0BBB7}.Debug|x86.ActiveCfg = Debug|Any CPU
		{1E5A2F2E-5980-4E7B-AA3B-4EB7FCC0BBB7}.Debug|x86.Build.0 = Debug|Any CPU
		{1E5A2F2E-5980-4E7B-AA3B-4EB7FCC0BBB7}.Debug|x86.Deploy.0 = Debug|Any CPU
		{1E5A2F2E-5980-4E7B-AA3B-4EB7FCC0BBB7}.Release|Any CPU.ActiveCfg = Release|Any CPU
		{1E5A2F2E-5980-4E7B-AA3B-4EB7FCC0BBB7}.Release|Any CPU.Build.0 = Release|Any CPU
		{1E5A2F2E-5980-4E7B-AA3B-4EB7FCC0BBB7}.Release|Any CPU.Deploy.0 = Release|Any CPU
		{1E5A2F2E-5980-4E7B-AA3B-4EB7FCC0BBB7}.Release|ARM.ActiveCfg = Release|Any CPU
		{1E5A2F2E-5980-4E7B-AA3B-4EB7FCC0BBB7}.Release|ARM.Build.0 = Release|Any CPU
		{1E5A2F2E-5980-4E7B-AA3B-4EB7FCC0BBB7}.Release|ARM.Deploy.0 = Release|Any CPU
		{1E5A2F2E-5980-4E7B-AA3B-4EB7FCC0BBB7}.Release|iPhone.ActiveCfg = Release|Any CPU
		{1E5A2F2E-5980-4E7B-AA3B-4EB7FCC0BBB7}.Release|iPhone.Build.0 = Release|Any CPU
		{1E5A2F2E-5980-4E7B-AA3B-4EB7FCC0BBB7}.Release|iPhone.Deploy.0 = Release|Any CPU
		{1E5A2F2E-5980-4E7B-AA3B-4EB7FCC0BBB7}.Release|iPhoneSimulator.ActiveCfg = Release|Any CPU
		{1E5A2F2E-5980-4E7B-AA3B-4EB7FCC0BBB7}.Release|iPhoneSimulator.Build.0 = Release|Any CPU
		{1E5A2F2E-5980-4E7B-AA3B-4EB7FCC0BBB7}.Release|iPhoneSimulator.Deploy.0 = Release|Any CPU
		{1E5A2F2E-5980-4E7B-AA3B-4EB7FCC0BBB7}.Release|x64.ActiveCfg = Release|Any CPU
		{1E5A2F2E-5980-4E7B-AA3B-4EB7FCC0BBB7}.Release|x64.Build.0 = Release|Any CPU
		{1E5A2F2E-5980-4E7B-AA3B-4EB7FCC0BBB7}.Release|x64.Deploy.0 = Release|Any CPU
		{1E5A2F2E-5980-4E7B-AA3B-4EB7FCC0BBB7}.Release|x86.ActiveCfg = Release|Any CPU
		{1E5A2F2E-5980-4E7B-AA3B-4EB7FCC0BBB7}.Release|x86.Build.0 = Release|Any CPU
		{1E5A2F2E-5980-4E7B-AA3B-4EB7FCC0BBB7}.Release|x86.Deploy.0 = Release|Any CPU
	EndGlobalSection
	GlobalSection(SolutionProperties) = preSolution
		HideSolutionNode = FALSE
	EndGlobalSection
	GlobalSection(ExtensibilityGlobals) = postSolution
		SolutionGuid = {D66222D0-C0E7-4DD9-A01F-22E5F2364652}
	EndGlobalSection
EndGlobal
